
Microsoft Visual Studio Solution File, Format Version 12.00
Project("{2150E333-8FDC-42A3-9474-1A3956D46DE8}") = "src", "src", "{3BF0DE59-A99B-4594-A175-CB3F2893B197}"
EndProject
Project("{2150E333-8FDC-42A3-9474-1A3956D46DE8}") = "1 - Eleven.API", "1 - Eleven.API", "{BF1EC5E9-E5C7-49C5-843B-5F3105F515FE}"
EndProject
Project("{2150E333-8FDC-42A3-9474-1A3956D46DE8}") = "2 - Eleven.Domain", "2 - Eleven.Domain", "{28D84715-9913-4438-B144-998D29A36AB4}"
EndProject
Project("{2150E333-8FDC-42A3-9474-1A3956D46DE8}") = "3 - Eleven.Services", "3 - Eleven.Services", "{29F2794F-59F4-4E8C-BF14-4605B08D23AE}"
EndProject
Project("{2150E333-8FDC-42A3-9474-1A3956D46DE8}") = "4 - Eleven.Infra", "4 - Eleven.Infra", "{5B1DD1B7-DB89-4B3B-AEF4-A2C416F80C7D}"
EndProject
Project("{2150E333-8FDC-42A3-9474-1A3956D46DE8}") = "5 - Eleven.Core", "5 - Eleven.Core", "{B177237C-1200-4D55-A376-B304261D0A4A}"
EndProject
Project("{2150E333-8FDC-42A3-9474-1A3956D46DE8}") = "6 - Eleven.Tests", "6 - Eleven.Tests", "{5D4E85F2-CD6D-449E-8B8D-E6EFBE73CE35}"
EndProject
Project("{FAE04EC0-301F-11D3-BF4B-00C04F79EFBC}") = "Eleven.OralExpert.API", "Eleven.OralExpert.API\Eleven.OralExpert.API.csproj", "{3BBCBAA9-5081-4705-83BD-BC6E33ACACB9}"
EndProject
Project("{FAE04EC0-301F-11D3-BF4B-00C04F79EFBC}") = "Eleven.OralExpert.Core", "Eleven.OralExpert.Core\Eleven.OralExpert.Core.csproj", "{6222DAB3-0CB9-41CE-A452-29F17A750794}"
EndProject
Project("{FAE04EC0-301F-11D3-BF4B-00C04F79EFBC}") = "Eleven.OralExpert.Domain", "Eleven.OralExpert.Domain\Eleven.OralExpert.Domain.csproj", "{83AEF016-8672-4F22-8FE6-34EAF2683E21}"
EndProject
Project("{FAE04EC0-301F-11D3-BF4B-00C04F79EFBC}") = "Eleven.OralExpert.Services", "Eleven.OralExpert.Services\Eleven.OralExpert.Services.csproj", "{A7AA079D-828F-4878-AC27-4E40CCE7C56A}"
EndProject
Project("{FAE04EC0-301F-11D3-BF4B-00C04F79EFBC}") = "Eleven.OralExpert.Infra", "Eleven.OralExpert.Infra\Eleven.OralExpert.Infra.csproj", "{96087802-6D15-4747-B0E1-B1D697E089DA}"
EndProject
Global
	GlobalSection(SolutionConfigurationPlatforms) = preSolution
		Debug|Any CPU = Debug|Any CPU
		Release|Any CPU = Release|Any CPU
	EndGlobalSection
	GlobalSection(NestedProjects) = preSolution
		{BF1EC5E9-E5C7-49C5-843B-5F3105F515FE} = {3BF0DE59-A99B-4594-A175-CB3F2893B197}
		{28D84715-9913-4438-B144-998D29A36AB4} = {3BF0DE59-A99B-4594-A175-CB3F2893B197}
		{29F2794F-59F4-4E8C-BF14-4605B08D23AE} = {3BF0DE59-A99B-4594-A175-CB3F2893B197}
		{5B1DD1B7-DB89-4B3B-AEF4-A2C416F80C7D} = {3BF0DE59-A99B-4594-A175-CB3F2893B197}
		{B177237C-1200-4D55-A376-B304261D0A4A} = {3BF0DE59-A99B-4594-A175-CB3F2893B197}
		{5D4E85F2-CD6D-449E-8B8D-E6EFBE73CE35} = {3BF0DE59-A99B-4594-A175-CB3F2893B197}
		{3BBCBAA9-5081-4705-83BD-BC6E33ACACB9} = {BF1EC5E9-E5C7-49C5-843B-5F3105F515FE}
		{6222DAB3-0CB9-41CE-A452-29F17A750794} = {B177237C-1200-4D55-A376-B304261D0A4A}
		{83AEF016-8672-4F22-8FE6-34EAF2683E21} = {28D84715-9913-4438-B144-998D29A36AB4}
		{A7AA079D-828F-4878-AC27-4E40CCE7C56A} = {29F2794F-59F4-4E8C-BF14-4605B08D23AE}
		{96087802-6D15-4747-B0E1-B1D697E089DA} = {5B1DD1B7-DB89-4B3B-AEF4-A2C416F80C7D}
	EndGlobalSection
	GlobalSection(ProjectConfigurationPlatforms) = postSolution
		{3BBCBAA9-5081-4705-83BD-BC6E33ACACB9}.Debug|Any CPU.ActiveCfg = Debug|Any CPU
		{3BBCBAA9-5081-4705-83BD-BC6E33ACACB9}.Debug|Any CPU.Build.0 = Debug|Any CPU
		{3BBCBAA9-5081-4705-83BD-BC6E33ACACB9}.Release|Any CPU.ActiveCfg = Release|Any CPU
		{3BBCBAA9-5081-4705-83BD-BC6E33ACACB9}.Release|Any CPU.Build.0 = Release|Any CPU
		{6222DAB3-0CB9-41CE-A452-29F17A750794}.Debug|Any CPU.ActiveCfg = Debug|Any CPU
		{6222DAB3-0CB9-41CE-A452-29F17A750794}.Debug|Any CPU.Build.0 = Debug|Any CPU
		{6222DAB3-0CB9-41CE-A452-29F17A750794}.Release|Any CPU.ActiveCfg = Release|Any CPU
		{6222DAB3-0CB9-41CE-A452-29F17A750794}.Release|Any CPU.Build.0 = Release|Any CPU
		{83AEF016-8672-4F22-8FE6-34EAF2683E21}.Debug|Any CPU.ActiveCfg = Debug|Any CPU
		{83AEF016-8672-4F22-8FE6-34EAF2683E21}.Debug|Any CPU.Build.0 = Debug|Any CPU
		{83AEF016-8672-4F22-8FE6-34EAF2683E21}.Release|Any CPU.ActiveCfg = Release|Any CPU
		{83AEF016-8672-4F22-8FE6-34EAF2683E21}.Release|Any CPU.Build.0 = Release|Any CPU
		{A7AA079D-828F-4878-AC27-4E40CCE7C56A}.Debug|Any CPU.ActiveCfg = Debug|Any CPU
		{A7AA079D-828F-4878-AC27-4E40CCE7C56A}.Debug|Any CPU.Build.0 = Debug|Any CPU
		{A7AA079D-828F-4878-AC27-4E40CCE7C56A}.Release|Any CPU.ActiveCfg = Release|Any CPU
		{A7AA079D-828F-4878-AC27-4E40CCE7C56A}.Release|Any CPU.Build.0 = Release|Any CPU
		{96087802-6D15-4747-B0E1-B1D697E089DA}.Debug|Any CPU.ActiveCfg = Debug|Any CPU
		{96087802-6D15-4747-B0E1-B1D697E089DA}.Debug|Any CPU.Build.0 = Debug|Any CPU
		{96087802-6D15-4747-B0E1-B1D697E089DA}.Release|Any CPU.ActiveCfg = Release|Any CPU
		{96087802-6D15-4747-B0E1-B1D697E089DA}.Release|Any CPU.Build.0 = Release|Any CPU
	EndGlobalSection
EndGlobal
